
Microsoft Visual Studio Solution File, Format Version 12.00
# Visual Studio for Mac
Project("{FAE04EC0-301F-11D3-BF4B-00C04F79EFBC}") = "Assembly-CSharp", "Assembly-CSharp.csproj", "{35C08DE5-2AA5-14A1-7708-A02F2F80562B}"
EndProject
Project("{FAE04EC0-301F-11D3-BF4B-00C04F79EFBC}") = "Assembly-CSharp-firstpass", "Assembly-CSharp-firstpass.csproj", "{648A9034-EE9E-3EC8-4D1E-1A2D33CA0852}"
EndProject
Project("{FAE04EC0-301F-11D3-BF4B-00C04F79EFBC}") = "Assembly-CSharp-Editor-firstpass", "Assembly-CSharp-Editor-firstpass.csproj", "{76BDF934-5559-06EA-CB56-C69933B1EE14}"
EndProject
Global
	GlobalSection(SolutionConfigurationPlatforms) = preSolution
		Debug|Any CPU = Debug|Any CPU
		Release|Any CPU = Release|Any CPU
	EndGlobalSection
	GlobalSection(ProjectConfigurationPlatforms) = postSolution
		{35C08DE5-2AA5-14A1-7708-A02F2F80562B}.Debug|Any CPU.ActiveCfg = Debug|Any CPU
		{35C08DE5-2AA5-14A1-7708-A02F2F80562B}.Debug|Any CPU.Build.0 = Debug|Any CPU
		{35C08DE5-2AA5-14A1-7708-A02F2F80562B}.Release|Any CPU.ActiveCfg = Release|Any CPU
		{35C08DE5-2AA5-14A1-7708-A02F2F80562B}.Release|Any CPU.Build.0 = Release|Any CPU
		{648A9034-EE9E-3EC8-4D1E-1A2D33CA0852}.Debug|Any CPU.ActiveCfg = Debug|Any CPU
		{648A9034-EE9E-3EC8-4D1E-1A2D33CA0852}.Debug|Any CPU.Build.0 = Debug|Any CPU
		{648A9034-EE9E-3EC8-4D1E-1A2D33CA0852}.Release|Any CPU.ActiveCfg = Release|Any CPU
		{648A9034-EE9E-3EC8-4D1E-1A2D33CA0852}.Release|Any CPU.Build.0 = Release|Any CPU
		{76BDF934-5559-06EA-CB56-C69933B1EE14}.Debug|Any CPU.ActiveCfg = Debug|Any CPU
		{76BDF934-5559-06EA-CB56-C69933B1EE14}.Debug|Any CPU.Build.0 = Debug|Any CPU
		{76BDF934-5559-06EA-CB56-C69933B1EE14}.Release|Any CPU.ActiveCfg = Release|Any CPU
		{76BDF934-5559-06EA-CB56-C69933B1EE14}.Release|Any CPU.Build.0 = Release|Any CPU
	EndGlobalSection
	GlobalSection(SolutionProperties) = preSolution
		HideSolutionNode = FALSE
	EndGlobalSection
EndGlobal
